
Microsoft Visual Studio Solution File, Format Version 12.00
# Visual Studio Version 17
VisualStudioVersion = 17.9.34728.123
MinimumVisualStudioVersion = 10.0.40219.1
Project("{9A19103F-16F7-4668-BE54-9A1E7A4F7556}") = "Wincare.Core.Migration", "WincareMigrations\Wincare.Core.Migration.csproj", "{0184D43E-F6B7-4A98-A972-4897422A8854}"
EndProject
Project("{FAE04EC0-301F-11D3-BF4B-00C04F79EFBC}") = "Wincare.Pelayanan.Migration", "Wincare.Pelayanan.Migration\Wincare.Pelayanan.Migration.csproj", "{C6AC2808-EB79-4A3B-83EB-AEFB5781E2F8}"
EndProject
Project("{FAE04EC0-301F-11D3-BF4B-00C04F79EFBC}") = "Wincare.Pendaftaran.Migration", "Wincare.Pendaftaran.Migration\Wincare.Pendaftaran.Migration.csproj", "{1A34D2EB-DE6D-4C09-8A75-7DC5990190B3}"
EndProject
Project("{FAE04EC0-301F-11D3-BF4B-00C04F79EFBC}") = "Wincare.BackOffice.Migration", "Wincare.BackOffice.Migration\Wincare.BackOffice.Migration.csproj", "{9FEC6395-5DE9-4C3C-B71F-CEB2394A982E}"
EndProject
Global
	GlobalSection(SolutionConfigurationPlatforms) = preSolution
		Debug|Any CPU = Debug|Any CPU
		Release|Any CPU = Release|Any CPU
	EndGlobalSection
	GlobalSection(ProjectConfigurationPlatforms) = postSolution
		{0184D43E-F6B7-4A98-A972-4897422A8854}.Debug|Any CPU.ActiveCfg = Debug|Any CPU
		{0184D43E-F6B7-4A98-A972-4897422A8854}.Debug|Any CPU.Build.0 = Debug|Any CPU
		{0184D43E-F6B7-4A98-A972-4897422A8854}.Release|Any CPU.ActiveCfg = Release|Any CPU
		{0184D43E-F6B7-4A98-A972-4897422A8854}.Release|Any CPU.Build.0 = Release|Any CPU
		{C6AC2808-EB79-4A3B-83EB-AEFB5781E2F8}.Debug|Any CPU.ActiveCfg = Debug|Any CPU
		{C6AC2808-EB79-4A3B-83EB-AEFB5781E2F8}.Debug|Any CPU.Build.0 = Debug|Any CPU
		{C6AC2808-EB79-4A3B-83EB-AEFB5781E2F8}.Release|Any CPU.ActiveCfg = Release|Any CPU
		{C6AC2808-EB79-4A3B-83EB-AEFB5781E2F8}.Release|Any CPU.Build.0 = Release|Any CPU
		{1A34D2EB-DE6D-4C09-8A75-7DC5990190B3}.Debug|Any CPU.ActiveCfg = Debug|Any CPU
		{1A34D2EB-DE6D-4C09-8A75-7DC5990190B3}.Debug|Any CPU.Build.0 = Debug|Any CPU
		{1A34D2EB-DE6D-4C09-8A75-7DC5990190B3}.Release|Any CPU.ActiveCfg = Release|Any CPU
		{1A34D2EB-DE6D-4C09-8A75-7DC5990190B3}.Release|Any CPU.Build.0 = Release|Any CPU
		{9FEC6395-5DE9-4C3C-B71F-CEB2394A982E}.Debug|Any CPU.ActiveCfg = Debug|Any CPU
		{9FEC6395-5DE9-4C3C-B71F-CEB2394A982E}.Debug|Any CPU.Build.0 = Debug|Any CPU
		{9FEC6395-5DE9-4C3C-B71F-CEB2394A982E}.Release|Any CPU.ActiveCfg = Release|Any CPU
		{9FEC6395-5DE9-4C3C-B71F-CEB2394A982E}.Release|Any CPU.Build.0 = Release|Any CPU
	EndGlobalSection
	GlobalSection(SolutionProperties) = preSolution
		HideSolutionNode = FALSE
	EndGlobalSection
	GlobalSection(ExtensibilityGlobals) = postSolution
		SolutionGuid = {7A64B269-CF23-4495-B0D5-BCDF80F6D482}
	EndGlobalSection
EndGlobal
